// !$*UTF8*$!
{
	archiveVersion = 1;
	classes = {
	};
	objectVersion = 45;
	objects = {

/* Begin PBXBuildFile section */
		1A3C0739131324FE006C3F8E /* CoreLocation.framework in Frameworks */ = {isa = PBXBuildFile; fileRef = 1A3C0738131324FE006C3F8E /* CoreLocation.framework */; };
		1A3C07A113132FE5006C3F8E /* NSObject+JSON.m in Sources */ = {isa = PBXBuildFile; fileRef = 1A3C079013132FE5006C3F8E /* NSObject+JSON.m */; };
		1A3C07A213132FE5006C3F8E /* SBJsonParser.m in Sources */ = {isa = PBXBuildFile; fileRef = 1A3C079213132FE5006C3F8E /* SBJsonParser.m */; };
		1A3C07A313132FE5006C3F8E /* SBJsonStreamParser.m in Sources */ = {isa = PBXBuildFile; fileRef = 1A3C079413132FE5006C3F8E /* SBJsonStreamParser.m */; };
		1A3C07A413132FE5006C3F8E /* SBJsonStreamParserAdapter.m in Sources */ = {isa = PBXBuildFile; fileRef = 1A3C079613132FE5006C3F8E /* SBJsonStreamParserAdapter.m */; };
		1A3C07A513132FE5006C3F8E /* SBJsonStreamParserState.m in Sources */ = {isa = PBXBuildFile; fileRef = 1A3C079813132FE5006C3F8E /* SBJsonStreamParserState.m */; };
		1A3C07A613132FE5006C3F8E /* SBJsonStreamWriter.m in Sources */ = {isa = PBXBuildFile; fileRef = 1A3C079A13132FE5006C3F8E /* SBJsonStreamWriter.m */; };
		1A3C07A713132FE5006C3F8E /* SBJsonStreamWriterState.m in Sources */ = {isa = PBXBuildFile; fileRef = 1A3C079C13132FE5006C3F8E /* SBJsonStreamWriterState.m */; };
		1A3C07A813132FE5006C3F8E /* SBJsonTokeniser.m in Sources */ = {isa = PBXBuildFile; fileRef = 1A3C079E13132FE5006C3F8E /* SBJsonTokeniser.m */; };
		1A3C07A913132FE5006C3F8E /* SBJsonWriter.m in Sources */ = {isa = PBXBuildFile; fileRef = 1A3C07A013132FE5006C3F8E /* SBJsonWriter.m */; };
		1A77B3BE1311AFC3000EBBD7 /* PINViewController.m in Sources */ = {isa = PBXBuildFile; fileRef = 1A77B3BD1311AFC3000EBBD7 /* PINViewController.m */; };
		1A77B3C01311AFE7000EBBD7 /* PINView.xib in Resources */ = {isa = PBXBuildFile; fileRef = 1A77B3BF1311AFE7000EBBD7 /* PINView.xib */; };
		1A95D81D1311A64A00BA3E29 /* QuartzCore.framework in Frameworks */ = {isa = PBXBuildFile; fileRef = 1A95D81C1311A64A00BA3E29 /* QuartzCore.framework */; };
		1D3623260D0F684500981E51 /* CrimeStickAppDelegate.m in Sources */ = {isa = PBXBuildFile; fileRef = 1D3623250D0F684500981E51 /* CrimeStickAppDelegate.m */; };
		1D60589B0D05DD56006BFB54 /* main.m in Sources */ = {isa = PBXBuildFile; fileRef = 29B97316FDCFA39411CA2CEA /* main.m */; };
		1D60589F0D05DD5A006BFB54 /* Foundation.framework in Frameworks */ = {isa = PBXBuildFile; fileRef = 1D30AB110D05D00D00671497 /* Foundation.framework */; };
		1DF5F4E00D08C38300B7A737 /* UIKit.framework in Frameworks */ = {isa = PBXBuildFile; fileRef = 1DF5F4DF0D08C38300B7A737 /* UIKit.framework */; };
		288765A50DF7441C002DB57D /* CoreGraphics.framework in Frameworks */ = {isa = PBXBuildFile; fileRef = 288765A40DF7441C002DB57D /* CoreGraphics.framework */; };
		2899E5220DE3E06400AC0155 /* CrimeStickViewController.xib in Resources */ = {isa = PBXBuildFile; fileRef = 2899E5210DE3E06400AC0155 /* CrimeStickViewController.xib */; };
		28AD733F0D9D9553002E5188 /* MainWindow.xib in Resources */ = {isa = PBXBuildFile; fileRef = 28AD733E0D9D9553002E5188 /* MainWindow.xib */; };
		28D7ACF80DDB3853001CB0EB /* CrimeStickViewController.m in Sources */ = {isa = PBXBuildFile; fileRef = 28D7ACF70DDB3853001CB0EB /* CrimeStickViewController.m */; };
/* End PBXBuildFile section */

/* Begin PBXFileReference section */
		1A3C0738131324FE006C3F8E /* CoreLocation.framework */ = {isa = PBXFileReference; lastKnownFileType = wrapper.framework; name = CoreLocation.framework; path = System/Library/Frameworks/CoreLocation.framework; sourceTree = SDKROOT; };
		1A3C078E13132FE5006C3F8E /* JSON.h */ = {isa = PBXFileReference; fileEncoding = 4; lastKnownFileType = sourcecode.c.h; path = JSON.h; sourceTree = "<group>"; };
		1A3C078F13132FE5006C3F8E /* NSObject+JSON.h */ = {isa = PBXFileReference; fileEncoding = 4; lastKnownFileType = sourcecode.c.h; path = "NSObject+JSON.h"; sourceTree = "<group>"; };
		1A3C079013132FE5006C3F8E /* NSObject+JSON.m */ = {isa = PBXFileReference; fileEncoding = 4; lastKnownFileType = sourcecode.c.objc; path = "NSObject+JSON.m"; sourceTree = "<group>"; };
		1A3C079113132FE5006C3F8E /* SBJsonParser.h */ = {isa = PBXFileReference; fileEncoding = 4; lastKnownFileType = sourcecode.c.h; path = SBJsonParser.h; sourceTree = "<group>"; };
		1A3C079213132FE5006C3F8E /* SBJsonParser.m */ = {isa = PBXFileReference; fileEncoding = 4; lastKnownFileType = sourcecode.c.objc; path = SBJsonParser.m; sourceTree = "<group>"; };
		1A3C079313132FE5006C3F8E /* SBJsonStreamParser.h */ = {isa = PBXFileReference; fileEncoding = 4; lastKnownFileType = sourcecode.c.h; path = SBJsonStreamParser.h; sourceTree = "<group>"; };
		1A3C079413132FE5006C3F8E /* SBJsonStreamParser.m */ = {isa = PBXFileReference; fileEncoding = 4; lastKnownFileType = sourcecode.c.objc; path = SBJsonStreamParser.m; sourceTree = "<group>"; };
		1A3C079513132FE5006C3F8E /* SBJsonStreamParserAdapter.h */ = {isa = PBXFileReference; fileEncoding = 4; lastKnownFileType = sourcecode.c.h; path = SBJsonStreamParserAdapter.h; sourceTree = "<group>"; };
		1A3C079613132FE5006C3F8E /* SBJsonStreamParserAdapter.m */ = {isa = PBXFileReference; fileEncoding = 4; lastKnownFileType = sourcecode.c.objc; path = SBJsonStreamParserAdapter.m; sourceTree = "<group>"; };
		1A3C079713132FE5006C3F8E /* SBJsonStreamParserState.h */ = {isa = PBXFileReference; fileEncoding = 4; lastKnownFileType = sourcecode.c.h; path = SBJsonStreamParserState.h; sourceTree = "<group>"; };
		1A3C079813132FE5006C3F8E /* SBJsonStreamParserState.m */ = {isa = PBXFileReference; fileEncoding = 4; lastKnownFileType = sourcecode.c.objc; path = SBJsonStreamParserState.m; sourceTree = "<group>"; };
		1A3C079913132FE5006C3F8E /* SBJsonStreamWriter.h */ = {isa = PBXFileReference; fileEncoding = 4; lastKnownFileType = sourcecode.c.h; path = SBJsonStreamWriter.h; sourceTree = "<group>"; };
		1A3C079A13132FE5006C3F8E /* SBJsonStreamWriter.m */ = {isa = PBXFileReference; fileEncoding = 4; lastKnownFileType = sourcecode.c.objc; path = SBJsonStreamWriter.m; sourceTree = "<group>"; };
		1A3C079B13132FE5006C3F8E /* SBJsonStreamWriterState.h */ = {isa = PBXFileReference; fileEncoding = 4; lastKnownFileType = sourcecode.c.h; path = SBJsonStreamWriterState.h; sourceTree = "<group>"; };
		1A3C079C13132FE5006C3F8E /* SBJsonStreamWriterState.m */ = {isa = PBXFileReference; fileEncoding = 4; lastKnownFileType = sourcecode.c.objc; path = SBJsonStreamWriterState.m; sourceTree = "<group>"; };
		1A3C079D13132FE5006C3F8E /* SBJsonTokeniser.h */ = {isa = PBXFileReference; fileEncoding = 4; lastKnownFileType = sourcecode.c.h; path = SBJsonTokeniser.h; sourceTree = "<group>"; };
		1A3C079E13132FE5006C3F8E /* SBJsonTokeniser.m */ = {isa = PBXFileReference; fileEncoding = 4; lastKnownFileType = sourcecode.c.objc; path = SBJsonTokeniser.m; sourceTree = "<group>"; };
		1A3C079F13132FE5006C3F8E /* SBJsonWriter.h */ = {isa = PBXFileReference; fileEncoding = 4; lastKnownFileType = sourcecode.c.h; path = SBJsonWriter.h; sourceTree = "<group>"; };
		1A3C07A013132FE5006C3F8E /* SBJsonWriter.m */ = {isa = PBXFileReference; fileEncoding = 4; lastKnownFileType = sourcecode.c.objc; path = SBJsonWriter.m; sourceTree = "<group>"; };
		1A77B3BC1311AFC3000EBBD7 /* PINViewController.h */ = {isa = PBXFileReference; fileEncoding = 4; lastKnownFileType = sourcecode.c.h; path = PINViewController.h; sourceTree = "<group>"; };
		1A77B3BD1311AFC3000EBBD7 /* PINViewController.m */ = {isa = PBXFileReference; fileEncoding = 4; lastKnownFileType = sourcecode.c.objc; path = PINViewController.m; sourceTree = "<group>"; };
		1A77B3BF1311AFE7000EBBD7 /* PINView.xib */ = {isa = PBXFileReference; lastKnownFileType = file.xib; name = PINView.xib; path = Interface/PINView.xib; sourceTree = SOURCE_ROOT; };
		1A95D81C1311A64A00BA3E29 /* QuartzCore.framework */ = {isa = PBXFileReference; lastKnownFileType = wrapper.framework; name = QuartzCore.framework; path = System/Library/Frameworks/QuartzCore.framework; sourceTree = SDKROOT; };
		1D30AB110D05D00D00671497 /* Foundation.framework */ = {isa = PBXFileReference; lastKnownFileType = wrapper.framework; name = Foundation.framework; path = System/Library/Frameworks/Foundation.framework; sourceTree = SDKROOT; };
		1D3623240D0F684500981E51 /* CrimeStickAppDelegate.h */ = {isa = PBXFileReference; fileEncoding = 4; lastKnownFileType = sourcecode.c.h; path = CrimeStickAppDelegate.h; sourceTree = "<group>"; };
		1D3623250D0F684500981E51 /* CrimeStickAppDelegate.m */ = {isa = PBXFileReference; fileEncoding = 4; lastKnownFileType = sourcecode.c.objc; path = CrimeStickAppDelegate.m; sourceTree = "<group>"; };
		1D6058910D05DD3D006BFB54 /* CrimeStick.app */ = {isa = PBXFileReference; explicitFileType = wrapper.application; includeInIndex = 0; path = CrimeStick.app; sourceTree = BUILT_PRODUCTS_DIR; };
		1DF5F4DF0D08C38300B7A737 /* UIKit.framework */ = {isa = PBXFileReference; lastKnownFileType = wrapper.framework; name = UIKit.framework; path = System/Library/Frameworks/UIKit.framework; sourceTree = SDKROOT; };
		288765A40DF7441C002DB57D /* CoreGraphics.framework */ = {isa = PBXFileReference; lastKnownFileType = wrapper.framework; name = CoreGraphics.framework; path = System/Library/Frameworks/CoreGraphics.framework; sourceTree = SDKROOT; };
		2899E5210DE3E06400AC0155 /* CrimeStickViewController.xib */ = {isa = PBXFileReference; lastKnownFileType = file.xib; name = CrimeStickViewController.xib; path = ../CrimeStickViewController.xib; sourceTree = "<group>"; };
		28AD733E0D9D9553002E5188 /* MainWindow.xib */ = {isa = PBXFileReference; lastKnownFileType = file.xib; path = MainWindow.xib; sourceTree = "<group>"; };
		28D7ACF60DDB3853001CB0EB /* CrimeStickViewController.h */ = {isa = PBXFileReference; fileEncoding = 4; lastKnownFileType = sourcecode.c.h; path = CrimeStickViewController.h; sourceTree = "<group>"; };
		28D7ACF70DDB3853001CB0EB /* CrimeStickViewController.m */ = {isa = PBXFileReference; fileEncoding = 4; lastKnownFileType = sourcecode.c.objc; path = CrimeStickViewController.m; sourceTree = "<group>"; };
		29B97316FDCFA39411CA2CEA /* main.m */ = {isa = PBXFileReference; fileEncoding = 4; lastKnownFileType = sourcecode.c.objc; path = main.m; sourceTree = "<group>"; };
		32CA4F630368D1EE00C91783 /* CrimeStick_Prefix.pch */ = {isa = PBXFileReference; fileEncoding = 4; lastKnownFileType = sourcecode.c.h; path = CrimeStick_Prefix.pch; sourceTree = "<group>"; };
		8D1107310486CEB800E47090 /* CrimeStick-Info.plist */ = {isa = PBXFileReference; fileEncoding = 4; lastKnownFileType = text.plist.xml; path = "CrimeStick-Info.plist"; plistStructureDefinitionIdentifier = "com.apple.xcode.plist.structure-definition.iphone.info-plist"; sourceTree = "<group>"; };
/* End PBXFileReference section */

/* Begin PBXFrameworksBuildPhase section */
		1D60588F0D05DD3D006BFB54 /* Frameworks */ = {
			isa = PBXFrameworksBuildPhase;
			buildActionMask = 2147483647;
			files = (
				1D60589F0D05DD5A006BFB54 /* Foundation.framework in Frameworks */,
				1DF5F4E00D08C38300B7A737 /* UIKit.framework in Frameworks */,
				288765A50DF7441C002DB57D /* CoreGraphics.framework in Frameworks */,
				1A95D81D1311A64A00BA3E29 /* QuartzCore.framework in Frameworks */,
				1A3C0739131324FE006C3F8E /* CoreLocation.framework in Frameworks */,
			);
			runOnlyForDeploymentPostprocessing = 0;
		};
/* End PBXFrameworksBuildPhase section */

/* Begin PBXGroup section */
		080E96DDFE201D6D7F000001 /* Classes */ = {
			isa = PBXGroup;
			children = (
				1D3623240D0F684500981E51 /* CrimeStickAppDelegate.h */,
				1D3623250D0F684500981E51 /* CrimeStickAppDelegate.m */,
				1A77B3BC1311AFC3000EBBD7 /* PINViewController.h */,
				1A77B3BD1311AFC3000EBBD7 /* PINViewController.m */,
				1A77B3BF1311AFE7000EBBD7 /* PINView.xib */,
				28D7ACF60DDB3853001CB0EB /* CrimeStickViewController.h */,
				28D7ACF70DDB3853001CB0EB /* CrimeStickViewController.m */,
				2899E5210DE3E06400AC0155 /* CrimeStickViewController.xib */,
			);
			path = Classes;
			sourceTree = "<group>";
		};
		19C28FACFE9D520D11CA2CBB /* Products */ = {
			isa = PBXGroup;
			children = (
				1D6058910D05DD3D006BFB54 /* CrimeStick.app */,
			);
			name = Products;
			sourceTree = "<group>";
		};
		1A3C078D13132FE5006C3F8E /* SBJson */ = {
			isa = PBXGroup;
			children = (
				1A3C078E13132FE5006C3F8E /* JSON.h */,
				1A3C078F13132FE5006C3F8E /* NSObject+JSON.h */,
				1A3C079013132FE5006C3F8E /* NSObject+JSON.m */,
				1A3C079113132FE5006C3F8E /* SBJsonParser.h */,
				1A3C079213132FE5006C3F8E /* SBJsonParser.m */,
				1A3C079313132FE5006C3F8E /* SBJsonStreamParser.h */,
				1A3C079413132FE5006C3F8E /* SBJsonStreamParser.m */,
				1A3C079513132FE5006C3F8E /* SBJsonStreamParserAdapter.h */,
				1A3C079613132FE5006C3F8E /* SBJsonStreamParserAdapter.m */,
				1A3C079713132FE5006C3F8E /* SBJsonStreamParserState.h */,
				1A3C079813132FE5006C3F8E /* SBJsonStreamParserState.m */,
				1A3C079913132FE5006C3F8E /* SBJsonStreamWriter.h */,
				1A3C079A13132FE5006C3F8E /* SBJsonStreamWriter.m */,
				1A3C079B13132FE5006C3F8E /* SBJsonStreamWriterState.h */,
				1A3C079C13132FE5006C3F8E /* SBJsonStreamWriterState.m */,
				1A3C079D13132FE5006C3F8E /* SBJsonTokeniser.h */,
				1A3C079E13132FE5006C3F8E /* SBJsonTokeniser.m */,
				1A3C079F13132FE5006C3F8E /* SBJsonWriter.h */,
				1A3C07A013132FE5006C3F8E /* SBJsonWriter.m */,
			);
			name = SBJson;
			path = "ThirdPartyStuff/stig-json-framework/Classes";
			sourceTree = "<group>";
		};
		29B97314FDCFA39411CA2CEA /* CustomTemplate */ = {
			isa = PBXGroup;
			children = (
				1A3C078D13132FE5006C3F8E /* SBJson */,
				080E96DDFE201D6D7F000001 /* Classes */,
				29B97315FDCFA39411CA2CEA /* Other Sources */,
				29B97317FDCFA39411CA2CEA /* Resources */,
				29B97323FDCFA39411CA2CEA /* Frameworks */,
				19C28FACFE9D520D11CA2CBB /* Products */,
			);
			name = CustomTemplate;
			sourceTree = "<group>";
		};
		29B97315FDCFA39411CA2CEA /* Other Sources */ = {
			isa = PBXGroup;
			children = (
				32CA4F630368D1EE00C91783 /* CrimeStick_Prefix.pch */,
				29B97316FDCFA39411CA2CEA /* main.m */,
			);
			name = "Other Sources";
			sourceTree = "<group>";
		};
		29B97317FDCFA39411CA2CEA /* Resources */ = {
			isa = PBXGroup;
			children = (
				28AD733E0D9D9553002E5188 /* MainWindow.xib */,
				8D1107310486CEB800E47090 /* CrimeStick-Info.plist */,
			);
			name = Resources;
			sourceTree = "<group>";
		};
		29B97323FDCFA39411CA2CEA /* Frameworks */ = {
			isa = PBXGroup;
			children = (
				1A95D81C1311A64A00BA3E29 /* QuartzCore.framework */,
				1DF5F4DF0D08C38300B7A737 /* UIKit.framework */,
				1D30AB110D05D00D00671497 /* Foundation.framework */,
				288765A40DF7441C002DB57D /* CoreGraphics.framework */,
				1A3C0738131324FE006C3F8E /* CoreLocation.framework */,
			);
			name = Frameworks;
			sourceTree = "<group>";
		};
/* End PBXGroup section */

/* Begin PBXNativeTarget section */
		1D6058900D05DD3D006BFB54 /* CrimeStick */ = {
			isa = PBXNativeTarget;
			buildConfigurationList = 1D6058960D05DD3E006BFB54 /* Build configuration list for PBXNativeTarget "CrimeStick" */;
			buildPhases = (
				1D60588D0D05DD3D006BFB54 /* Resources */,
				1D60588E0D05DD3D006BFB54 /* Sources */,
				1D60588F0D05DD3D006BFB54 /* Frameworks */,
			);
			buildRules = (
			);
			dependencies = (
			);
			name = CrimeStick;
			productName = CrimeStick;
			productReference = 1D6058910D05DD3D006BFB54 /* CrimeStick.app */;
			productType = "com.apple.product-type.application";
		};
/* End PBXNativeTarget section */

/* Begin PBXProject section */
		29B97313FDCFA39411CA2CEA /* Project object */ = {
			isa = PBXProject;
			buildConfigurationList = C01FCF4E08A954540054247B /* Build configuration list for PBXProject "CrimeStick" */;
			compatibilityVersion = "Xcode 3.1";
			developmentRegion = English;
			hasScannedForEncodings = 1;
			knownRegions = (
				English,
				Japanese,
				French,
				German,
			);
			mainGroup = 29B97314FDCFA39411CA2CEA /* CustomTemplate */;
			projectDirPath = "";
			projectRoot = "";
			targets = (
				1D6058900D05DD3D006BFB54 /* CrimeStick */,
			);
		};
/* End PBXProject section */

/* Begin PBXResourcesBuildPhase section */
		1D60588D0D05DD3D006BFB54 /* Resources */ = {
			isa = PBXResourcesBuildPhase;
			buildActionMask = 2147483647;
			files = (
				28AD733F0D9D9553002E5188 /* MainWindow.xib in Resources */,
				2899E5220DE3E06400AC0155 /* CrimeStickViewController.xib in Resources */,
				1A77B3C01311AFE7000EBBD7 /* PINView.xib in Resources */,
			);
			runOnlyForDeploymentPostprocessing = 0;
		};
/* End PBXResourcesBuildPhase section */

/* Begin PBXSourcesBuildPhase section */
		1D60588E0D05DD3D006BFB54 /* Sources */ = {
			isa = PBXSourcesBuildPhase;
			buildActionMask = 2147483647;
			files = (
				1D60589B0D05DD56006BFB54 /* main.m in Sources */,
				1D3623260D0F684500981E51 /* CrimeStickAppDelegate.m in Sources */,
				28D7ACF80DDB3853001CB0EB /* CrimeStickViewController.m in Sources */,
				1A77B3BE1311AFC3000EBBD7 /* PINViewController.m in Sources */,
				1A3C07A113132FE5006C3F8E /* NSObject+JSON.m in Sources */,
				1A3C07A213132FE5006C3F8E /* SBJsonParser.m in Sources */,
				1A3C07A313132FE5006C3F8E /* SBJsonStreamParser.m in Sources */,
				1A3C07A413132FE5006C3F8E /* SBJsonStreamParserAdapter.m in Sources */,
				1A3C07A513132FE5006C3F8E /* SBJsonStreamParserState.m in Sources */,
				1A3C07A613132FE5006C3F8E /* SBJsonStreamWriter.m in Sources */,
				1A3C07A713132FE5006C3F8E /* SBJsonStreamWriterState.m in Sources */,
				1A3C07A813132FE5006C3F8E /* SBJsonTokeniser.m in Sources */,
				1A3C07A913132FE5006C3F8E /* SBJsonWriter.m in Sources */,
			);
			runOnlyForDeploymentPostprocessing = 0;
		};
/* End PBXSourcesBuildPhase section */

/* Begin XCBuildConfiguration section */
		1D6058940D05DD3E006BFB54 /* Debug */ = {
			isa = XCBuildConfiguration;
			buildSettings = {
				ALWAYS_SEARCH_USER_PATHS = NO;
				COPY_PHASE_STRIP = NO;
				GCC_DYNAMIC_NO_PIC = NO;
				GCC_OPTIMIZATION_LEVEL = 0;
				GCC_PRECOMPILE_PREFIX_HEADER = YES;
				GCC_PREFIX_HEADER = CrimeStick_Prefix.pch;
				INFOPLIST_FILE = "CrimeStick-Info.plist";
				PRODUCT_NAME = CrimeStick;
			};
			name = Debug;
		};
		1D6058950D05DD3E006BFB54 /* Release */ = {
			isa = XCBuildConfiguration;
			buildSettings = {
				ALWAYS_SEARCH_USER_PATHS = NO;
				COPY_PHASE_STRIP = YES;
				GCC_PRECOMPILE_PREFIX_HEADER = YES;
				GCC_PREFIX_HEADER = CrimeStick_Prefix.pch;
				INFOPLIST_FILE = "CrimeStick-Info.plist";
				PRODUCT_NAME = CrimeStick;
				VALIDATE_PRODUCT = YES;
			};
			name = Release;
		};
		C01FCF4F08A954540054247B /* Debug */ = {
			isa = XCBuildConfiguration;
			buildSettings = {
				ARCHS = "$(ARCHS_STANDARD_32_BIT)";
				"CODE_SIGN_IDENTITY[sdk=iphoneos*]" = "iPhone Developer";
				GCC_C_LANGUAGE_STANDARD = c99;
				GCC_WARN_ABOUT_RETURN_TYPE = YES;
				GCC_WARN_UNUSED_VARIABLE = YES;
				PREBINDING = NO;
				SDKROOT = iphoneos;
			};
			name = Debug;
		};
		C01FCF5008A954540054247B /* Release */ = {
			isa = XCBuildConfiguration;
			buildSettings = {
				ARCHS = "$(ARCHS_STANDARD_32_BIT)";
				"CODE_SIGN_IDENTITY[sdk=iphoneos*]" = "iPhone Developer";
				GCC_C_LANGUAGE_STANDARD = c99;
				GCC_WARN_ABOUT_RETURN_TYPE = YES;
				GCC_WARN_UNUSED_VARIABLE = YES;
				OTHER_CFLAGS = "-DNS_BLOCK_ASSERTIONS=1";
				PREBINDING = NO;
				SDKROOT = iphoneos;
			};
			name = Release;
		};
/* End XCBuildConfiguration section */

/* Begin XCConfigurationList section */
		1D6058960D05DD3E006BFB54 /* Build configuration list for PBXNativeTarget "CrimeStick" */ = {
			isa = XCConfigurationList;
			buildConfigurations = (
				1D6058940D05DD3E006BFB54 /* Debug */,
				1D6058950D05DD3E006BFB54 /* Release */,
			);
			defaultConfigurationIsVisible = 0;
			defaultConfigurationName = Release;
		};
		C01FCF4E08A954540054247B /* Build configuration list for PBXProject "CrimeStick" */ = {
			isa = XCConfigurationList;
			buildConfigurations = (
				C01FCF4F08A954540054247B /* Debug */,
				C01FCF5008A954540054247B /* Release */,
			);
			defaultConfigurationIsVisible = 0;
			defaultConfigurationName = Release;
		};
/* End XCConfigurationList section */
	};
	rootObject = 29B97313FDCFA39411CA2CEA /* Project object */;
}
